{
  "version": 4,
  "terraform_version": "1.0.0",
  "serial": 35,
  "lineage": "24f93d1e-9b76-d4a5-8d11-8632d15f3017",
  "outputs": {},
  "resources": [
    {
      "mode": "data",
      "type": "template_file",
      "name": "init_gcp",
      "provider": "provider[\"registry.terraform.io/hashicorp/template\"]",
      "instances": [
        {
          "schema_version": 0,
          "attributes": {
            "filename": null,
            "id": "35415835966e3eaaddbb80a5d9736046912892eb65a7fb73f0141b857ad84e1e",
            "rendered": "#!/usr/bin/env bash\n\n### Docker\nsudo apt-get -y update\nsudo apt-get -y install \\\n     apt-transport-https \\\n     ca-certificates \\\n     curl \\\n     gnupg-agent \\\n     software-properties-common\n\ncurl -fsSL https://download.docker.com/linux/ubuntu/gpg | sudo apt-key add -\nsudo apt-key fingerprint 0EBFCD88\nsudo add-apt-repository \\\n    \"deb [arch=amd64] https://download.docker.com/linux/ubuntu $(lsb_release -cs) stable\"\n\nsudo apt-get -y install docker-ce docker-ce-cli containerd.io\n\n### Consul-template\nsudo apt-get -y install unzip\ncurl \"https://releases.hashicorp.com/consul-template/0.26.0/consul-template_0.26.0_linux_amd64.zip\" --output ~/ct.zip\nsudo unzip ~/ct.zip -d /usr/local/bin/\nsudo chmod +x /usr/local/bin/consul-template\nrm ~/ct.zip",
            "template": "#!/usr/bin/env bash\n\n### Docker\nsudo apt-get -y update\nsudo apt-get -y install \\\n     apt-transport-https \\\n     ca-certificates \\\n     curl \\\n     gnupg-agent \\\n     software-properties-common\n\ncurl -fsSL https://download.docker.com/linux/ubuntu/gpg | sudo apt-key add -\nsudo apt-key fingerprint 0EBFCD88\nsudo add-apt-repository \\\n    \"deb [arch=amd64] https://download.docker.com/linux/ubuntu $(lsb_release -cs) stable\"\n\nsudo apt-get -y install docker-ce docker-ce-cli containerd.io\n\n### Consul-template\nsudo apt-get -y install unzip\ncurl \"${ct_url}\" --output ~/ct.zip\nsudo unzip ~/ct.zip -d /usr/local/bin/\nsudo chmod +x /usr/local/bin/consul-template\nrm ~/ct.zip",
            "vars": {
              "ct_url": "https://releases.hashicorp.com/consul-template/0.26.0/consul-template_0.26.0_linux_amd64.zip"
            }
          },
          "sensitive_attributes": []
        }
      ]
    },
    {
      "mode": "managed",
      "type": "google_compute_firewall",
      "name": "http-ssh",
      "provider": "provider[\"registry.terraform.io/hashicorp/google\"]",
      "instances": [
        {
          "schema_version": 1,
          "attributes": {
            "allow": [
              {
                "ports": [
                  "22"
                ],
                "protocol": "tcp"
              },
              {
                "ports": [
                  "80",
                  "443",
                  "8080"
                ],
                "protocol": "tcp"
              },
              {
                "ports": [],
                "protocol": "icmp"
              }
            ],
            "creation_timestamp": "2021-07-15T20:31:06.252-07:00",
            "deny": [],
            "description": "",
            "destination_ranges": [],
            "direction": "INGRESS",
            "disabled": false,
            "enable_logging": null,
            "id": "projects/se-kabu/global/firewalls/http-ssh",
            "log_config": [],
            "name": "http-ssh",
            "network": "https://www.googleapis.com/compute/v1/projects/se-kabu/global/networks/default",
            "priority": 1000,
            "project": "se-kabu",
            "self_link": "https://www.googleapis.com/compute/v1/projects/se-kabu/global/firewalls/http-ssh",
            "source_ranges": [],
            "source_service_accounts": null,
            "source_tags": [
              "http-server",
              "http-ssh"
            ],
            "target_service_accounts": null,
            "target_tags": null,
            "timeouts": null
          },
          "sensitive_attributes": [],
          "private": "eyJlMmJmYjczMC1lY2FhLTExZTYtOGY4OC0zNDM2M2JjN2M0YzAiOnsiY3JlYXRlIjoyNDAwMDAwMDAwMDAsImRlbGV0ZSI6MjQwMDAwMDAwMDAwLCJ1cGRhdGUiOjI0MDAwMDAwMDAwMH0sInNjaGVtYV92ZXJzaW9uIjoiMSJ9"
        }
      ]
    }
  ]
}
